
Microsoft Visual Studio Solution File, Format Version 12.00
# Visual Studio Version 17
VisualStudioVersion = 17.10.35027.167
MinimumVisualStudioVersion = 10.0.40219.1
Project("{FAE04EC0-301F-11D3-BF4B-00C04F79EFBC}") = "DependencyInjection.WebAPI", "DependencyInjection.WebAPI.csproj", "{EEAF8FFC-A8DC-4FD7-AFCE-E37259DCE692}"
EndProject
Global
	GlobalSection(SolutionConfigurationPlatforms) = preSolution
		Debug|Any CPU = Debug|Any CPU
		Release|Any CPU = Release|Any CPU
	EndGlobalSection
	GlobalSection(ProjectConfigurationPlatforms) = postSolution
		{EEAF8FFC-A8DC-4FD7-AFCE-E37259DCE692}.Debug|Any CPU.ActiveCfg = Debug|Any CPU
		{EEAF8FFC-A8DC-4FD7-AFCE-E37259DCE692}.Debug|Any CPU.Build.0 = Debug|Any CPU
		{EEAF8FFC-A8DC-4FD7-AFCE-E37259DCE692}.Release|Any CPU.ActiveCfg = Release|Any CPU
		{EEAF8FFC-A8DC-4FD7-AFCE-E37259DCE692}.Release|Any CPU.Build.0 = Release|Any CPU
	EndGlobalSection
	GlobalSection(SolutionProperties) = preSolution
		HideSolutionNode = FALSE
	EndGlobalSection
	GlobalSection(ExtensibilityGlobals) = postSolution
		SolutionGuid = {3495BE0E-291E-4AC7-913D-C6E9D141541F}
	EndGlobalSection
EndGlobal
